
Microsoft Visual Studio Solution File, Format Version 12.00
# Visual Studio 14
VisualStudioVersion = 14.0.25420.1
MinimumVisualStudioVersion = 10.0.40219.1
Project("{FAE04EC0-301F-11D3-BF4B-00C04F79EFBC}") = "CSVToJson", "CSVToJson\CSVToJson.csproj", "{4A03D31A-7AD9-4E6C-B4C4-170BA15FE1CD}"
EndProject
Project("{FAE04EC0-301F-11D3-BF4B-00C04F79EFBC}") = "CSVToJsonTests", "CSVToJsonTests\CSVToJsonTests.csproj", "{80838FA6-1B95-4667-81A3-162B85A15524}"
EndProject
Global
	GlobalSection(SolutionConfigurationPlatforms) = preSolution
		Debug|Any CPU = Debug|Any CPU
		Release|Any CPU = Release|Any CPU
	EndGlobalSection
	GlobalSection(ProjectConfigurationPlatforms) = postSolution
		{4A03D31A-7AD9-4E6C-B4C4-170BA15FE1CD}.Debug|Any CPU.ActiveCfg = Debug|Any CPU
		{4A03D31A-7AD9-4E6C-B4C4-170BA15FE1CD}.Debug|Any CPU.Build.0 = Debug|Any CPU
		{4A03D31A-7AD9-4E6C-B4C4-170BA15FE1CD}.Release|Any CPU.ActiveCfg = Release|Any CPU
		{4A03D31A-7AD9-4E6C-B4C4-170BA15FE1CD}.Release|Any CPU.Build.0 = Release|Any CPU
		{80838FA6-1B95-4667-81A3-162B85A15524}.Debug|Any CPU.ActiveCfg = Debug|Any CPU
		{80838FA6-1B95-4667-81A3-162B85A15524}.Debug|Any CPU.Build.0 = Debug|Any CPU
		{80838FA6-1B95-4667-81A3-162B85A15524}.Release|Any CPU.ActiveCfg = Release|Any CPU
		{80838FA6-1B95-4667-81A3-162B85A15524}.Release|Any CPU.Build.0 = Release|Any CPU
	EndGlobalSection
	GlobalSection(SolutionProperties) = preSolution
		HideSolutionNode = FALSE
	EndGlobalSection
EndGlobal
